
Microsoft Visual Studio Solution File, Format Version 12.00
# Visual Studio Version 17
VisualStudioVersion = 17.10.35027.167
MinimumVisualStudioVersion = 10.0.40219.1
Project("{9A19103F-16F7-4668-BE54-9A1E7A4F7556}") = "ApplicationLayer", "UserServiceProject\ApplicationLayer.csproj", "{F9B9C603-AE4C-405D-85FD-33FEF8E4802D}"
EndProject
Project("{9A19103F-16F7-4668-BE54-9A1E7A4F7556}") = "UserProjectDataAccessLayer", "DataAccessLayer\UserProjectDataAccessLayer.csproj", "{68FB5DBF-7C08-4ED1-9BE4-4E04BFC722FE}"
EndProject
Project("{9A19103F-16F7-4668-BE54-9A1E7A4F7556}") = "UserProjectBusinessLogicLayer", "BusinessLogicLayer\UserProjectBusinessLogicLayer.csproj", "{91D3CA6B-3A15-4AEB-9464-BB8EB53F447F}"
EndProject
Global
	GlobalSection(SolutionConfigurationPlatforms) = preSolution
		Debug|Any CPU = Debug|Any CPU
		Release|Any CPU = Release|Any CPU
	EndGlobalSection
	GlobalSection(ProjectConfigurationPlatforms) = postSolution
		{F9B9C603-AE4C-405D-85FD-33FEF8E4802D}.Debug|Any CPU.ActiveCfg = Debug|Any CPU
		{F9B9C603-AE4C-405D-85FD-33FEF8E4802D}.Debug|Any CPU.Build.0 = Debug|Any CPU
		{F9B9C603-AE4C-405D-85FD-33FEF8E4802D}.Release|Any CPU.ActiveCfg = Release|Any CPU
		{F9B9C603-AE4C-405D-85FD-33FEF8E4802D}.Release|Any CPU.Build.0 = Release|Any CPU
		{68FB5DBF-7C08-4ED1-9BE4-4E04BFC722FE}.Debug|Any CPU.ActiveCfg = Debug|Any CPU
		{68FB5DBF-7C08-4ED1-9BE4-4E04BFC722FE}.Debug|Any CPU.Build.0 = Debug|Any CPU
		{68FB5DBF-7C08-4ED1-9BE4-4E04BFC722FE}.Release|Any CPU.ActiveCfg = Release|Any CPU
		{68FB5DBF-7C08-4ED1-9BE4-4E04BFC722FE}.Release|Any CPU.Build.0 = Release|Any CPU
		{91D3CA6B-3A15-4AEB-9464-BB8EB53F447F}.Debug|Any CPU.ActiveCfg = Debug|Any CPU
		{91D3CA6B-3A15-4AEB-9464-BB8EB53F447F}.Debug|Any CPU.Build.0 = Debug|Any CPU
		{91D3CA6B-3A15-4AEB-9464-BB8EB53F447F}.Release|Any CPU.ActiveCfg = Release|Any CPU
		{91D3CA6B-3A15-4AEB-9464-BB8EB53F447F}.Release|Any CPU.Build.0 = Release|Any CPU
	EndGlobalSection
	GlobalSection(SolutionProperties) = preSolution
		HideSolutionNode = FALSE
	EndGlobalSection
	GlobalSection(ExtensibilityGlobals) = postSolution
		SolutionGuid = {42D447A2-93DB-4C9B-8878-3BB1BAA793CF}
	EndGlobalSection
EndGlobal
